
Microsoft Visual Studio Solution File, Format Version 12.00
# Visual Studio 2012
Project("{FAE04EC0-301F-11D3-BF4B-00C04F79EFBC}") = "WalletHelper.DataAccess", "WalletHelper.DataAccess\WalletHelper.DataAccess.csproj", "{C3CCC777-FC32-4B11-B63A-BB689CBEEA42}"
EndProject
Project("{FAE04EC0-301F-11D3-BF4B-00C04F79EFBC}") = "WalletHelper.Entity", "WalletHelper.Entity\WalletHelper.Entity.csproj", "{489C5E7E-FD2B-4748-BE07-81BC822DAD27}"
EndProject
Project("{FAE04EC0-301F-11D3-BF4B-00C04F79EFBC}") = "WalletHelper.Business", "WalletHelper.Business\WalletHelper.Business.csproj", "{D35FFA09-6897-423F-A33C-8821F3B14432}"
EndProject
Project("{FAE04EC0-301F-11D3-BF4B-00C04F79EFBC}") = "WalletHelper.Web.Frontend", "WalletHelper.Web.Frontend\WalletHelper.Web.Frontend.csproj", "{9D625E3C-D4AD-44BB-84A6-70BB4B011793}"
EndProject
Project("{2150E333-8FDC-42A3-9474-1A3956D46DE8}") = ".nuget", ".nuget", "{68E114F8-5383-4E70-8569-A6E74587E36C}"
	ProjectSection(SolutionItems) = preProject
		.nuget\NuGet.Config = .nuget\NuGet.Config
		.nuget\NuGet.exe = .nuget\NuGet.exe
		.nuget\NuGet.targets = .nuget\NuGet.targets
	EndProjectSection
EndProject
Project("{FAE04EC0-301F-11D3-BF4B-00C04F79EFBC}") = "WalletHelper.Web", "WalletHelper.Web\WalletHelper.Web.csproj", "{736C5FCC-2B2B-493C-B52B-A13E15B9CB81}"
EndProject
Global
	GlobalSection(SolutionConfigurationPlatforms) = preSolution
		Debug|Any CPU = Debug|Any CPU
		Release|Any CPU = Release|Any CPU
	EndGlobalSection
	GlobalSection(ProjectConfigurationPlatforms) = postSolution
		{C3CCC777-FC32-4B11-B63A-BB689CBEEA42}.Debug|Any CPU.ActiveCfg = Debug|Any CPU
		{C3CCC777-FC32-4B11-B63A-BB689CBEEA42}.Debug|Any CPU.Build.0 = Debug|Any CPU
		{C3CCC777-FC32-4B11-B63A-BB689CBEEA42}.Release|Any CPU.ActiveCfg = Release|Any CPU
		{C3CCC777-FC32-4B11-B63A-BB689CBEEA42}.Release|Any CPU.Build.0 = Release|Any CPU
		{489C5E7E-FD2B-4748-BE07-81BC822DAD27}.Debug|Any CPU.ActiveCfg = Debug|Any CPU
		{489C5E7E-FD2B-4748-BE07-81BC822DAD27}.Debug|Any CPU.Build.0 = Debug|Any CPU
		{489C5E7E-FD2B-4748-BE07-81BC822DAD27}.Release|Any CPU.ActiveCfg = Release|Any CPU
		{489C5E7E-FD2B-4748-BE07-81BC822DAD27}.Release|Any CPU.Build.0 = Release|Any CPU
		{D35FFA09-6897-423F-A33C-8821F3B14432}.Debug|Any CPU.ActiveCfg = Debug|Any CPU
		{D35FFA09-6897-423F-A33C-8821F3B14432}.Debug|Any CPU.Build.0 = Debug|Any CPU
		{D35FFA09-6897-423F-A33C-8821F3B14432}.Release|Any CPU.ActiveCfg = Release|Any CPU
		{D35FFA09-6897-423F-A33C-8821F3B14432}.Release|Any CPU.Build.0 = Release|Any CPU
		{9D625E3C-D4AD-44BB-84A6-70BB4B011793}.Debug|Any CPU.ActiveCfg = Debug|Any CPU
		{9D625E3C-D4AD-44BB-84A6-70BB4B011793}.Debug|Any CPU.Build.0 = Debug|Any CPU
		{9D625E3C-D4AD-44BB-84A6-70BB4B011793}.Release|Any CPU.ActiveCfg = Release|Any CPU
		{9D625E3C-D4AD-44BB-84A6-70BB4B011793}.Release|Any CPU.Build.0 = Release|Any CPU
		{736C5FCC-2B2B-493C-B52B-A13E15B9CB81}.Debug|Any CPU.ActiveCfg = Debug|Any CPU
		{736C5FCC-2B2B-493C-B52B-A13E15B9CB81}.Debug|Any CPU.Build.0 = Debug|Any CPU
		{736C5FCC-2B2B-493C-B52B-A13E15B9CB81}.Release|Any CPU.ActiveCfg = Release|Any CPU
		{736C5FCC-2B2B-493C-B52B-A13E15B9CB81}.Release|Any CPU.Build.0 = Release|Any CPU
	EndGlobalSection
	GlobalSection(SolutionProperties) = preSolution
		HideSolutionNode = FALSE
	EndGlobalSection
EndGlobal
