
Microsoft Visual Studio Solution File, Format Version 12.00
# Visual Studio 2013
VisualStudioVersion = 12.0.30110.0
MinimumVisualStudioVersion = 10.0.40219.1
Project("{FAE04EC0-301F-11D3-BF4B-00C04F79EFBC}") = "WalletHelper.Entity", "WalletHelper.Entity\WalletHelper.Entity.csproj", "{489C5E7E-FD2B-4748-BE07-81BC822DAD27}"
EndProject
Project("{FAE04EC0-301F-11D3-BF4B-00C04F79EFBC}") = "WalletHelper.Business", "WalletHelper.Business\WalletHelper.Business.csproj", "{D35FFA09-6897-423F-A33C-8821F3B14432}"
EndProject
Project("{2150E333-8FDC-42A3-9474-1A3956D46DE8}") = ".nuget", ".nuget", "{68E114F8-5383-4E70-8569-A6E74587E36C}"
	ProjectSection(SolutionItems) = preProject
		.nuget\NuGet.Config = .nuget\NuGet.Config
		.nuget\NuGet.exe = .nuget\NuGet.exe
		.nuget\NuGet.targets = .nuget\NuGet.targets
	EndProjectSection
EndProject
Project("{FAE04EC0-301F-11D3-BF4B-00C04F79EFBC}") = "WalletHelper.Web", "WalletHelper.Web\WalletHelper.Web.csproj", "{736C5FCC-2B2B-493C-B52B-A13E15B9CB81}"
EndProject
Project("{FAE04EC0-301F-11D3-BF4B-00C04F79EFBC}") = "WalletHelper.Web.Frontend", "WalletHelper.Web.Frontend\WalletHelper.Web.Frontend.csproj", "{148D9F9A-000B-4E16-8E97-B1CA84B7B8C0}"
EndProject
Project("{00D1A9C2-B5F0-4AF3-8072-F6C62B433612}") = "WalletHelper.Database", "WalletHelper.Database\WalletHelper.Database.sqlproj", "{B11B8B50-CB96-4459-8115-9F7BCEBDC323}"
EndProject
Project("{FAE04EC0-301F-11D3-BF4B-00C04F79EFBC}") = "WalletHelper.ConsoleApp", "WalletHelper.ConsoleApp\WalletHelper.ConsoleApp.csproj", "{941B90A4-CFEC-4762-A31A-560AAB01B32E}"
EndProject
Project("{FAE04EC0-301F-11D3-BF4B-00C04F79EFBC}") = "WalletHelper.DataAccess", "WalletHelper.DataAccess\WalletHelper.DataAccess.csproj", "{C3CCC777-FC32-4B11-B63A-BB689CBEEA42}"
EndProject
Project("{FAE04EC0-301F-11D3-BF4B-00C04F79EFBC}") = "WalletHelper.Web.Services", "WalletHelper.Web.Services\WalletHelper.Web.Services.csproj", "{5F2295D9-8D3C-4FFD-94D8-DE304C6EC35C}"
EndProject
Project("{FAE04EC0-301F-11D3-BF4B-00C04F79EFBC}") = "WalletHelper.Common", "WalletHellper.Common\WalletHelper.Common.csproj", "{4E689F23-6499-4505-A00C-18F5F52D767D}"
EndProject
Project("{2150E333-8FDC-42A3-9474-1A3956D46DE8}") = "Solution Items", "Solution Items", "{F97643EC-66AB-4720-B6E5-7AE3E9302055}"
	ProjectSection(SolutionItems) = preProject
		slnWalletHelper.pssln = slnWalletHelper.pssln
	EndProjectSection
EndProject
Project("{2150E333-8FDC-42A3-9474-1A3956D46DE8}") = "Test", "Test", "{03DD53EF-EA18-47DD-8D91-A0F907384521}"
EndProject
Project("{FAE04EC0-301F-11D3-BF4B-00C04F79EFBC}") = "WalletHelper.Business.Test", "WalletHelper.Business.Test\WalletHelper.Business.Test.csproj", "{7C885744-8B09-481B-AEC1-69F02E9C003B}"
EndProject
Project("{2150E333-8FDC-42A3-9474-1A3956D46DE8}") = "0_Data", "0_Data", "{3BC03138-CC99-46C5-9F85-D711848B4D6C}"
EndProject
Project("{2150E333-8FDC-42A3-9474-1A3956D46DE8}") = "1_Logic", "1_Logic", "{15975690-4886-4C43-9622-85E846A98004}"
EndProject
Project("{2150E333-8FDC-42A3-9474-1A3956D46DE8}") = "2_Presentation", "2_Presentation", "{5D4896AC-F637-4ADF-9207-4BCDC6A724F7}"
EndProject
Project("{2150E333-8FDC-42A3-9474-1A3956D46DE8}") = "3_Application", "3_Application", "{387F1824-C144-4046-925A-78F4C2908B81}"
EndProject
Project("{2150E333-8FDC-42A3-9474-1A3956D46DE8}") = "4_Multilevel", "4_Multilevel", "{6D183A70-2320-45EE-8876-4FF334B876C4}"
EndProject
Project("{FAE04EC0-301F-11D3-BF4B-00C04F79EFBC}") = "WalletHelper.Interfaces", "WalletHelper.Interfaces\WalletHelper.Interfaces.csproj", "{F27D3CFF-40ED-4070-830F-36C50E8B9E22}"
EndProject
Global
	GlobalSection(SolutionConfigurationPlatforms) = preSolution
		Debug|Any CPU = Debug|Any CPU
		Release|Any CPU = Release|Any CPU
	EndGlobalSection
	GlobalSection(ProjectConfigurationPlatforms) = postSolution
		{489C5E7E-FD2B-4748-BE07-81BC822DAD27}.Debug|Any CPU.ActiveCfg = Debug|Any CPU
		{489C5E7E-FD2B-4748-BE07-81BC822DAD27}.Debug|Any CPU.Build.0 = Debug|Any CPU
		{489C5E7E-FD2B-4748-BE07-81BC822DAD27}.Release|Any CPU.ActiveCfg = Release|Any CPU
		{489C5E7E-FD2B-4748-BE07-81BC822DAD27}.Release|Any CPU.Build.0 = Release|Any CPU
		{D35FFA09-6897-423F-A33C-8821F3B14432}.Debug|Any CPU.ActiveCfg = Debug|Any CPU
		{D35FFA09-6897-423F-A33C-8821F3B14432}.Debug|Any CPU.Build.0 = Debug|Any CPU
		{D35FFA09-6897-423F-A33C-8821F3B14432}.Release|Any CPU.ActiveCfg = Release|Any CPU
		{D35FFA09-6897-423F-A33C-8821F3B14432}.Release|Any CPU.Build.0 = Release|Any CPU
		{736C5FCC-2B2B-493C-B52B-A13E15B9CB81}.Debug|Any CPU.ActiveCfg = Debug|Any CPU
		{736C5FCC-2B2B-493C-B52B-A13E15B9CB81}.Debug|Any CPU.Build.0 = Debug|Any CPU
		{736C5FCC-2B2B-493C-B52B-A13E15B9CB81}.Release|Any CPU.ActiveCfg = Release|Any CPU
		{736C5FCC-2B2B-493C-B52B-A13E15B9CB81}.Release|Any CPU.Build.0 = Release|Any CPU
		{148D9F9A-000B-4E16-8E97-B1CA84B7B8C0}.Debug|Any CPU.ActiveCfg = Debug|Any CPU
		{148D9F9A-000B-4E16-8E97-B1CA84B7B8C0}.Debug|Any CPU.Build.0 = Debug|Any CPU
		{148D9F9A-000B-4E16-8E97-B1CA84B7B8C0}.Release|Any CPU.ActiveCfg = Release|Any CPU
		{148D9F9A-000B-4E16-8E97-B1CA84B7B8C0}.Release|Any CPU.Build.0 = Release|Any CPU
		{B11B8B50-CB96-4459-8115-9F7BCEBDC323}.Debug|Any CPU.ActiveCfg = Debug|Any CPU
		{B11B8B50-CB96-4459-8115-9F7BCEBDC323}.Debug|Any CPU.Build.0 = Debug|Any CPU
		{B11B8B50-CB96-4459-8115-9F7BCEBDC323}.Debug|Any CPU.Deploy.0 = Debug|Any CPU
		{B11B8B50-CB96-4459-8115-9F7BCEBDC323}.Release|Any CPU.ActiveCfg = Release|Any CPU
		{B11B8B50-CB96-4459-8115-9F7BCEBDC323}.Release|Any CPU.Build.0 = Release|Any CPU
		{B11B8B50-CB96-4459-8115-9F7BCEBDC323}.Release|Any CPU.Deploy.0 = Release|Any CPU
		{941B90A4-CFEC-4762-A31A-560AAB01B32E}.Debug|Any CPU.ActiveCfg = Debug|Any CPU
		{941B90A4-CFEC-4762-A31A-560AAB01B32E}.Debug|Any CPU.Build.0 = Debug|Any CPU
		{941B90A4-CFEC-4762-A31A-560AAB01B32E}.Release|Any CPU.ActiveCfg = Release|Any CPU
		{941B90A4-CFEC-4762-A31A-560AAB01B32E}.Release|Any CPU.Build.0 = Release|Any CPU
		{C3CCC777-FC32-4B11-B63A-BB689CBEEA42}.Debug|Any CPU.ActiveCfg = Debug|Any CPU
		{C3CCC777-FC32-4B11-B63A-BB689CBEEA42}.Debug|Any CPU.Build.0 = Debug|Any CPU
		{C3CCC777-FC32-4B11-B63A-BB689CBEEA42}.Release|Any CPU.ActiveCfg = Release|Any CPU
		{C3CCC777-FC32-4B11-B63A-BB689CBEEA42}.Release|Any CPU.Build.0 = Release|Any CPU
		{5F2295D9-8D3C-4FFD-94D8-DE304C6EC35C}.Debug|Any CPU.ActiveCfg = Debug|Any CPU
		{5F2295D9-8D3C-4FFD-94D8-DE304C6EC35C}.Debug|Any CPU.Build.0 = Debug|Any CPU
		{5F2295D9-8D3C-4FFD-94D8-DE304C6EC35C}.Release|Any CPU.ActiveCfg = Release|Any CPU
		{5F2295D9-8D3C-4FFD-94D8-DE304C6EC35C}.Release|Any CPU.Build.0 = Release|Any CPU
		{4E689F23-6499-4505-A00C-18F5F52D767D}.Debug|Any CPU.ActiveCfg = Debug|Any CPU
		{4E689F23-6499-4505-A00C-18F5F52D767D}.Debug|Any CPU.Build.0 = Debug|Any CPU
		{4E689F23-6499-4505-A00C-18F5F52D767D}.Release|Any CPU.ActiveCfg = Release|Any CPU
		{4E689F23-6499-4505-A00C-18F5F52D767D}.Release|Any CPU.Build.0 = Release|Any CPU
		{7C885744-8B09-481B-AEC1-69F02E9C003B}.Debug|Any CPU.ActiveCfg = Debug|Any CPU
		{7C885744-8B09-481B-AEC1-69F02E9C003B}.Debug|Any CPU.Build.0 = Debug|Any CPU
		{7C885744-8B09-481B-AEC1-69F02E9C003B}.Release|Any CPU.ActiveCfg = Release|Any CPU
		{7C885744-8B09-481B-AEC1-69F02E9C003B}.Release|Any CPU.Build.0 = Release|Any CPU
		{F27D3CFF-40ED-4070-830F-36C50E8B9E22}.Debug|Any CPU.ActiveCfg = Debug|Any CPU
		{F27D3CFF-40ED-4070-830F-36C50E8B9E22}.Debug|Any CPU.Build.0 = Debug|Any CPU
		{F27D3CFF-40ED-4070-830F-36C50E8B9E22}.Release|Any CPU.ActiveCfg = Release|Any CPU
		{F27D3CFF-40ED-4070-830F-36C50E8B9E22}.Release|Any CPU.Build.0 = Release|Any CPU
	EndGlobalSection
	GlobalSection(SolutionProperties) = preSolution
		HideSolutionNode = FALSE
	EndGlobalSection
	GlobalSection(NestedProjects) = preSolution
		{4E689F23-6499-4505-A00C-18F5F52D767D} = {6D183A70-2320-45EE-8876-4FF334B876C4}
		{489C5E7E-FD2B-4748-BE07-81BC822DAD27} = {6D183A70-2320-45EE-8876-4FF334B876C4}
		{F27D3CFF-40ED-4070-830F-36C50E8B9E22} = {6D183A70-2320-45EE-8876-4FF334B876C4}
		{D35FFA09-6897-423F-A33C-8821F3B14432} = {15975690-4886-4C43-9622-85E846A98004}
		{148D9F9A-000B-4E16-8E97-B1CA84B7B8C0} = {5D4896AC-F637-4ADF-9207-4BCDC6A724F7}
		{941B90A4-CFEC-4762-A31A-560AAB01B32E} = {5D4896AC-F637-4ADF-9207-4BCDC6A724F7}
		{736C5FCC-2B2B-493C-B52B-A13E15B9CB81} = {5D4896AC-F637-4ADF-9207-4BCDC6A724F7}
		{C3CCC777-FC32-4B11-B63A-BB689CBEEA42} = {3BC03138-CC99-46C5-9F85-D711848B4D6C}
		{B11B8B50-CB96-4459-8115-9F7BCEBDC323} = {3BC03138-CC99-46C5-9F85-D711848B4D6C}
		{5F2295D9-8D3C-4FFD-94D8-DE304C6EC35C} = {387F1824-C144-4046-925A-78F4C2908B81}
		{7C885744-8B09-481B-AEC1-69F02E9C003B} = {03DD53EF-EA18-47DD-8D91-A0F907384521}
	EndGlobalSection
EndGlobal
